# Exact direct artifacts installed over the official Airflow base image.
#
# Every artifact is published by PyPI and protected by its PyPI SHA-256 digest.
# The resolver runs pip under the exact Airflow/Python base image, with no
# dependency traversal. Transitive runtime dependencies come from that pinned
# base image and are checked by the import/provider smoke test.
apache-airflow==3.3.1 --hash=sha256:0c047c0a0415b100d2966b35d0f0c191013dc996e7645023178c770296ce8602 --hash=sha256:a62ee9c46b7b8c919a46a88ee9346e0b36bc4ff10d6f9ac7cde5a6165da52164
apache-airflow-providers-apache-spark==6.3.1 --hash=sha256:50ba6ea80ee4ae5549c8722ce003e5c725a36c432b917e2c28d91d9fbcff7242 --hash=sha256:1b782aed8f973719fd77fe3c3553724241ec512c70171eb261dc2b5c14bc2e42
apache-airflow-providers-amazon==9.34.0 --hash=sha256:4e9bcc91bde445ce5455615d3fcf4f2cdd2696dd5a5ea70b0850c9910c3436e6 --hash=sha256:5572ecd65a52892d3d18d92c2de481339330fbff03ad7bed8220b70b8b526a21
boto3==1.43.56 --hash=sha256:feb699d4ab241ef5c1b80bb58277be2aaad365cd4b672d7817e0bc59ee45131b --hash=sha256:57c90df9fb026f2e6ae22530861198130203733c5c9ec4e5cca3a4037f5a8db4
aiohttp==3.14.3 --hash=sha256:18cb43369747b2ae007bd2655fb8e63a099c2ff1d207962943636dac989b3147 --hash=sha256:9491196535a88924a60afd5b5f434b5b203b6cc616250878dbdb223a8f7844bc
pyspark==4.1.3 --hash=sha256:b600238e771e45618a58beaf9d63cfd9aa06f61ce193244cedf890a04a4409f7
py4j==0.10.9.9 --hash=sha256:c7c26e4158defb37b0bb124933163641a2ff6e3a3913f7811b0ddbe07ed61533 --hash=sha256:f694cad19efa5bd1dee4f3e5270eb406613c974394035e5bfc4ec1aba870b879
